github.com/camachom/hugo-theme-nostyleplease v0.0.0-20250203062006-2739feac6d34 h1:5bD7iP+mf1V0YoESWnpR9q3+cM/1vDYG5+kyhrAw4zw=
github.com/camachom/hugo-theme-nostyleplease v0.0.0-20250203062006-2739feac6d34/go.mod h1:dfC02ylVk8us/d+SJKVxdlzB2REBAtzkSTDKbFUk7M8=
github.com/camachom/hugo-theme-nostyleplease v0.0.0-20250203065515-fe670924269e h1:IVLmnT1p2FPzFy3eUxjDPuaevPDMWVWbT0tAKH37CVU=
github.com/camachom/hugo-theme-nostyleplease v0.0.0-20250203065515-fe670924269e/go.mod h1:dfC02ylVk8us/d+SJKVxdlzB2REBAtzkSTDKbFUk7M8=
